lockfileVersion: '9.0'

settings:
  autoInstallPeers: true
  excludeLinksFromLockfile: false

importers:

  .: {}

  apps/extension:
    devDependencies:
      adm-zip:
        specifier: ^0.5.16
        version: 0.5.18

  apps/relay:
    dependencies:
      ws:
        specifier: ^8.21.3
        version: 8.21.3

  apps/remote: {}

  apps/website: {}

  packages/brand:
    devDependencies:
      playwright:
        specifier: ^1.50.0
        version: 1.62.1

  tests/e2e:
    devDependencies:
      playwright:
        specifier: ^1.50.0
        version: 1.62.1

packages:

  adm-zip@0.5.18:
    resolution: {integrity: sha512-ufJnssQGbxzLNS1Ho9bCtX4rQKCCvoVuDLHoJyc3F9dOGDB4BkWs2Ci0kv53lqocAEQ/Cbi+I2XCsNYGqVYqng==}
    engines: {node: '>=12.0'}

  fsevents@2.3.2:
    resolution: {integrity: sha512-xiqMQR4xAeHTuB9uWm+fFRcIOgKBMiOBP+eXiyT7jsgVCq1bkVygt00oASowB7EdtpOHaaPgKt812P9ab+DDKA==}
    engines: {node: ^8.16.0 || ^10.6.0 || >=11.0.0}
    os: [darwin]

  playwright-core@1.62.1:
    resolution: {integrity: sha512-wPYSwEBJY9GHraISXqyqtx0na0LpO3XEX7jNDhntbex7tzUS7kLnZsOlFruFJB4Hi/rhDMjXGqHewDZ68nYZVw==}
    engines: {node: '>=20'}
    hasBin: true

  playwright@1.62.1:
    resolution: {integrity: sha512-0M+L3LAD8/nm554LOla9Ayx0j0tmFZ0FBcoQ7F1VuVHpM/XpiC8RcDzBQB8W5+hA8L22THxELzeF+2WcUzvcLg==}
    engines: {node: '>=20'}
    hasBin: true

  ws@8.21.3:
    resolution: {integrity: sha512-201TZ/kPWxoPr/OKWjquZR1SWKXcvxdH+e1xrx89b3YbmzLMFCLfnaG1HFIgWzJOEWZ7MvpK++odZufgYR50Rw==}
    engines: {node: '>=10.0.0'}
    peerDependencies:
      bufferutil: ^4.0.1
      utf-8-validate: '>=5.0.2'
    peerDependenciesMeta:
      bufferutil:
        optional: true
      utf-8-validate:
        optional: true

snapshots:

  adm-zip@0.5.18: {}

  fsevents@2.3.2:
    optional: true

  playwright-core@1.62.1: {}

  playwright@1.62.1:
    dependencies:
      playwright-core: 1.62.1
    optionalDependencies:
      fsevents: 2.3.2

  ws@8.21.3: {}
